// !$*UTF8*$!
{
	archiveVersion = 1;
	classes = {
	};
	objectVersion = 50;
	objects = {

/* Begin PBXBuildFile section */
		8411A298270619520068A1C4 /* AppDelegate.swift in Sources */ = {isa = PBXBuildFile; fileRef = 8411A297270619520068A1C4 /* AppDelegate.swift */; };
		8411A29A270619520068A1C4 /* SceneDelegate.swift in Sources */ = {isa = PBXBuildFile; fileRef = 8411A299270619520068A1C4 /* SceneDelegate.swift */; };
		8411A29C270619520068A1C4 /* ViewController.swift in Sources */ = {isa = PBXBuildFile; fileRef = 8411A29B270619520068A1C4 /* ViewController.swift */; };
		8411A29F270619520068A1C4 /* Main.storyboard in Resources */ = {isa = PBXBuildFile; fileRef = 8411A29D270619520068A1C4 /* Main.storyboard */; };
		8411A2A1270619560068A1C4 /* Assets.xcassets in Resources */ = {isa = PBXBuildFile; fileRef = 8411A2A0270619560068A1C4 /* Assets.xcassets */; };
		8411A2A4270619560068A1C4 /* LaunchScreen.storyboard in Resources */ = {isa = PBXBuildFile; fileRef = 8411A2A2270619560068A1C4 /* LaunchScreen.storyboard */; };
		84EE05C02748CC1B0037BC96 /* PokedexViewModel.swift in Sources */ = {isa = PBXBuildFile; fileRef = 84EE05B72748CC1B0037BC96 /* PokedexViewModel.swift */; };
		84EE05C12748CC1B0037BC96 /* PokedexViewController.swift in Sources */ = {isa = PBXBuildFile; fileRef = 84EE05B82748CC1B0037BC96 /* PokedexViewController.swift */; };
		84EE05C22748CC1B0037BC96 /* PokedexCell.swift in Sources */ = {isa = PBXBuildFile; fileRef = 84EE05B92748CC1B0037BC96 /* PokedexCell.swift */; };
		84EE05C32748CC1B0037BC96 /* PokedexViewBuilder.swift in Sources */ = {isa = PBXBuildFile; fileRef = 84EE05BB2748CC1B0037BC96 /* PokedexViewBuilder.swift */; };
		84EE05C42748CC1B0037BC96 /* PokedexInteractor.swift in Sources */ = {isa = PBXBuildFile; fileRef = 84EE05BD2748CC1B0037BC96 /* PokedexInteractor.swift */; };
		84EE05C52748CC1B0037BC96 /* PokedexViewRouter.swift in Sources */ = {isa = PBXBuildFile; fileRef = 84EE05BF2748CC1B0037BC96 /* PokedexViewRouter.swift */; };
/* End PBXBuildFile section */

/* Begin PBXFileReference section */
		8411A294270619520068A1C4 /* Combine App.app */ = {isa = PBXFileReference; explicitFileType = wrapper.application; includeInIndex = 0; path = "Combine App.app"; sourceTree = BUILT_PRODUCTS_DIR; };
		8411A297270619520068A1C4 /* AppDelegate.swift */ = {isa = PBXFileReference; lastKnownFileType = sourcecode.swift; path = AppDelegate.swift; sourceTree = "<group>"; };
		8411A299270619520068A1C4 /* SceneDelegate.swift */ = {isa = PBXFileReference; lastKnownFileType = sourcecode.swift; path = SceneDelegate.swift; sourceTree = "<group>"; };
		8411A29B270619520068A1C4 /* ViewController.swift */ = {isa = PBXFileReference; lastKnownFileType = sourcecode.swift; path = ViewController.swift; sourceTree = "<group>"; };
		8411A29E270619520068A1C4 /* Base */ = {isa = PBXFileReference; lastKnownFileType = file.storyboard; name = Base; path = Base.lproj/Main.storyboard; sourceTree = "<group>"; };
		8411A2A0270619560068A1C4 /* Assets.xcassets */ = {isa = PBXFileReference; lastKnownFileType = folder.assetcatalog; path = Assets.xcassets; sourceTree = "<group>"; };
		8411A2A3270619560068A1C4 /* Base */ = {isa = PBXFileReference; lastKnownFileType = file.storyboard; name = Base; path = Base.lproj/LaunchScreen.storyboard; sourceTree = "<group>"; };
		8411A2A5270619560068A1C4 /* Info.plist */ = {isa = PBXFileReference; lastKnownFileType = text.plist.xml; path = Info.plist; sourceTree = "<group>"; };
		84EE05B72748CC1B0037BC96 /* PokedexViewModel.swift */ = {isa = PBXFileReference; fileEncoding = 4; lastKnownFileType = sourcecode.swift; path = PokedexViewModel.swift; sourceTree = "<group>"; };
		84EE05B82748CC1B0037BC96 /* PokedexViewController.swift */ = {isa = PBXFileReference; fileEncoding = 4; lastKnownFileType = sourcecode.swift; path = PokedexViewController.swift; sourceTree = "<group>"; };
		84EE05B92748CC1B0037BC96 /* PokedexCell.swift */ = {isa = PBXFileReference; fileEncoding = 4; lastKnownFileType = sourcecode.swift; path = PokedexCell.swift; sourceTree = "<group>"; };
		84EE05BB2748CC1B0037BC96 /* PokedexViewBuilder.swift */ = {isa = PBXFileReference; fileEncoding = 4; lastKnownFileType = sourcecode.swift; path = PokedexViewBuilder.swift; sourceTree = "<group>"; };
		84EE05BD2748CC1B0037BC96 /* PokedexInteractor.swift */ = {isa = PBXFileReference; fileEncoding = 4; lastKnownFileType = sourcecode.swift; path = PokedexInteractor.swift; sourceTree = "<group>"; };
		84EE05BF2748CC1B0037BC96 /* PokedexViewRouter.swift */ = {isa = PBXFileReference; fileEncoding = 4; lastKnownFileType = sourcecode.swift; path = PokedexViewRouter.swift; sourceTree = "<group>"; };
/* End PBXFileReference section */

/* Begin PBXFrameworksBuildPhase section */
		8411A291270619520068A1C4 /* Frameworks */ = {
			isa = PBXFrameworksBuildPhase;
			buildActionMask = 2147483647;
			files = (
			);
			runOnlyForDeploymentPostprocessing = 0;
		};
/* End PBXFrameworksBuildPhase section */

/* Begin PBXGroup section */
		8411A28B270619520068A1C4 = {
			isa = PBXGroup;
			children = (
				8411A296270619520068A1C4 /* Combine App */,
				8411A295270619520068A1C4 /* Products */,
			);
			sourceTree = "<group>";
		};
		8411A295270619520068A1C4 /* Products */ = {
			isa = PBXGroup;
			children = (
				8411A294270619520068A1C4 /* Combine App.app */,
			);
			name = Products;
			sourceTree = "<group>";
		};
		8411A296270619520068A1C4 /* Combine App */ = {
			isa = PBXGroup;
			children = (
				84EE05B42748CBF00037BC96 /* ViewControllers */,
				8411A297270619520068A1C4 /* AppDelegate.swift */,
				8411A299270619520068A1C4 /* SceneDelegate.swift */,
				8411A29B270619520068A1C4 /* ViewController.swift */,
				8411A29D270619520068A1C4 /* Main.storyboard */,
				8411A2A0270619560068A1C4 /* Assets.xcassets */,
				8411A2A2270619560068A1C4 /* LaunchScreen.storyboard */,
				8411A2A5270619560068A1C4 /* Info.plist */,
			);
			path = "Combine App";
			sourceTree = "<group>";
		};
		84EE05B42748CBF00037BC96 /* ViewControllers */ = {
			isa = PBXGroup;
			children = (
				84EE05B52748CC1B0037BC96 /* PokedexViewController */,
			);
			path = ViewControllers;
			sourceTree = "<group>";
		};
		84EE05B52748CC1B0037BC96 /* PokedexViewController */ = {
			isa = PBXGroup;
			children = (
				84EE05B62748CC1B0037BC96 /* View */,
				84EE05BA2748CC1B0037BC96 /* Builder */,
				84EE05BC2748CC1B0037BC96 /* Interactor */,
				84EE05BE2748CC1B0037BC96 /* Router */,
			);
			path = PokedexViewController;
			sourceTree = "<group>";
		};
		84EE05B62748CC1B0037BC96 /* View */ = {
			isa = PBXGroup;
			children = (
				84EE05B72748CC1B0037BC96 /* PokedexViewModel.swift */,
				84EE05B82748CC1B0037BC96 /* PokedexViewController.swift */,
				84EE05B92748CC1B0037BC96 /* PokedexCell.swift */,
			);
			path = View;
			sourceTree = "<group>";
		};
		84EE05BA2748CC1B0037BC96 /* Builder */ = {
			isa = PBXGroup;
			children = (
				84EE05BB2748CC1B0037BC96 /* PokedexViewBuilder.swift */,
			);
			path = Builder;
			sourceTree = "<group>";
		};
		84EE05BC2748CC1B0037BC96 /* Interactor */ = {
			isa = PBXGroup;
			children = (
				84EE05BD2748CC1B0037BC96 /* PokedexInteractor.swift */,
			);
			path = Interactor;
			sourceTree = "<group>";
		};
		84EE05BE2748CC1B0037BC96 /* Router */ = {
			isa = PBXGroup;
			children = (
				84EE05BF2748CC1B0037BC96 /* PokedexViewRouter.swift */,
			);
			path = Router;
			sourceTree = "<group>";
		};
/* End PBXGroup section */

/* Begin PBXNativeTarget section */
		8411A293270619520068A1C4 /* Combine App */ = {
			isa = PBXNativeTarget;
			buildConfigurationList = 8411A2A8270619560068A1C4 /* Build configuration list for PBXNativeTarget "Combine App" */;
			buildPhases = (
				8411A290270619520068A1C4 /* Sources */,
				8411A291270619520068A1C4 /* Frameworks */,
				8411A292270619520068A1C4 /* Resources */,
			);
			buildRules = (
			);
			dependencies = (
			);
			name = "Combine App";
			productName = "Combine App";
			productReference = 8411A294270619520068A1C4 /* Combine App.app */;
			productType = "com.apple.product-type.application";
		};
/* End PBXNativeTarget section */

/* Begin PBXProject section */
		8411A28C270619520068A1C4 /* Project object */ = {
			isa = PBXProject;
			attributes = {
				LastSwiftUpdateCheck = 1200;
				LastUpgradeCheck = 1200;
				TargetAttributes = {
					8411A293270619520068A1C4 = {
						CreatedOnToolsVersion = 12.0.1;
					};
				};
			};
			buildConfigurationList = 8411A28F270619520068A1C4 /* Build configuration list for PBXProject "Combine App" */;
			compatibilityVersion = "Xcode 9.3";
			developmentRegion = en;
			hasScannedForEncodings = 0;
			knownRegions = (
				en,
				Base,
			);
			mainGroup = 8411A28B270619520068A1C4;
			productRefGroup = 8411A295270619520068A1C4 /* Products */;
			projectDirPath = "";
			projectRoot = "";
			targets = (
				8411A293270619520068A1C4 /* Combine App */,
			);
		};
/* End PBXProject section */

/* Begin PBXResourcesBuildPhase section */
		8411A292270619520068A1C4 /* Resources */ = {
			isa = PBXResourcesBuildPhase;
			buildActionMask = 2147483647;
			files = (
				8411A2A4270619560068A1C4 /* LaunchScreen.storyboard in Resources */,
				8411A2A1270619560068A1C4 /* Assets.xcassets in Resources */,
				8411A29F270619520068A1C4 /* Main.storyboard in Resources */,
			);
			runOnlyForDeploymentPostprocessing = 0;
		};
/* End PBXResourcesBuildPhase section */

/* Begin PBXSourcesBuildPhase section */
		8411A290270619520068A1C4 /* Sources */ = {
			isa = PBXSourcesBuildPhase;
			buildActionMask = 2147483647;
			files = (
				8411A29C270619520068A1C4 /* ViewController.swift in Sources */,
				84EE05C32748CC1B0037BC96 /* PokedexViewBuilder.swift in Sources */,
				84EE05C02748CC1B0037BC96 /* PokedexViewModel.swift in Sources */,
				84EE05C52748CC1B0037BC96 /* PokedexViewRouter.swift in Sources */,
				84EE05C22748CC1B0037BC96 /* PokedexCell.swift in Sources */,
				84EE05C12748CC1B0037BC96 /* PokedexViewController.swift in Sources */,
				84EE05C42748CC1B0037BC96 /* PokedexInteractor.swift in Sources */,
				8411A298270619520068A1C4 /* AppDelegate.swift in Sources */,
				8411A29A270619520068A1C4 /* SceneDelegate.swift in Sources */,
			);
			runOnlyForDeploymentPostprocessing = 0;
		};
/* End PBXSourcesBuildPhase section */

/* Begin PBXVariantGroup section */
		8411A29D270619520068A1C4 /* Main.storyboard */ = {
			isa = PBXVariantGroup;
			children = (
				8411A29E270619520068A1C4 /* Base */,
			);
			name = Main.storyboard;
			sourceTree = "<group>";
		};
		8411A2A2270619560068A1C4 /* LaunchScreen.storyboard */ = {
			isa = PBXVariantGroup;
			children = (
				8411A2A3270619560068A1C4 /* Base */,
			);
			name = LaunchScreen.storyboard;
			sourceTree = "<group>";
		};
/* End PBXVariantGroup section */

/* Begin XCBuildConfiguration section */
		8411A2A6270619560068A1C4 /* Debug */ = {
			isa = XCBuildConfiguration;
			buildSettings = {
				ALWAYS_SEARCH_USER_PATHS = NO;
				CLANG_ANALYZER_NONNULL = YES;
				CLANG_ANALYZER_NUMBER_OBJECT_CONVERSION = YES_AGGRESSIVE;
				CLANG_CXX_LANGUAGE_STANDARD = "gnu++14";
				CLANG_CXX_LIBRARY = "libc++";
				CLANG_ENABLE_MODULES = YES;
				CLANG_ENABLE_OBJC_ARC = YES;
				CLANG_ENABLE_OBJC_WEAK = YES;
				CLANG_WARN_BLOCK_CAPTURE_AUTORELEASING = YES;
				CLANG_WARN_BOOL_CONVERSION = YES;
				CLANG_WARN_COMMA = YES;
				CLANG_WARN_CONSTANT_CONVERSION = YES;
				CLANG_WARN_DEPRECATED_OBJC_IMPLEMENTATIONS = YES;
				CLANG_WARN_DIRECT_OBJC_ISA_USAGE = YES_ERROR;
				CLANG_WARN_DOCUMENTATION_COMMENTS = YES;
				CLANG_WARN_EMPTY_BODY = YES;
				CLANG_WARN_ENUM_CONVERSION = YES;
				CLANG_WARN_INFINITE_RECURSION = YES;
				CLANG_WARN_INT_CONVERSION = YES;
				CLANG_WARN_NON_LITERAL_NULL_CONVERSION = YES;
				CLANG_WARN_OBJC_IMPLICIT_RETAIN_SELF = YES;
				CLANG_WARN_OBJC_LITERAL_CONVERSION = YES;
				CLANG_WARN_OBJC_ROOT_CLASS = YES_ERROR;
				CLANG_WARN_QUOTED_INCLUDE_IN_FRAMEWORK_HEADER = YES;
				CLANG_WARN_RANGE_LOOP_ANALYSIS = YES;
				CLANG_WARN_STRICT_PROTOTYPES = YES;
				CLANG_WARN_SUSPICIOUS_MOVE = YES;
				CLANG_WARN_UNGUARDED_AVAILABILITY = YES_AGGRESSIVE;
				CLANG_WARN_UNREACHABLE_CODE = YES;
				CLANG_WARN__DUPLICATE_METHOD_MATCH = YES;
				COPY_PHASE_STRIP = NO;
				DEBUG_INFORMATION_FORMAT = dwarf;
				ENABLE_STRICT_OBJC_MSGSEND = YES;
				ENABLE_TESTABILITY = YES;
				GCC_C_LANGUAGE_STANDARD = gnu11;
				GCC_DYNAMIC_NO_PIC = NO;
				GCC_NO_COMMON_BLOCKS = YES;
				GCC_OPTIMIZATION_LEVEL = 0;
				GCC_PREPROCESSOR_DEFINITIONS = (
					"DEBUG=1",
					"$(inherited)",
				);
				GCC_WARN_64_TO_32_BIT_CONVERSION = YES;
				GCC_WARN_ABOUT_RETURN_TYPE = YES_ERROR;
				GCC_WARN_UNDECLARED_SELECTOR = YES;
				GCC_WARN_UNINITIALIZED_AUTOS = YES_AGGRESSIVE;
				GCC_WARN_UNUSED_FUNCTION = YES;
				GCC_WARN_UNUSED_VARIABLE = YES;
				IPHONEOS_DEPLOYMENT_TARGET = 14.0;
				MTL_ENABLE_DEBUG_INFO = INCLUDE_SOURCE;
				MTL_FAST_MATH = YES;
				ONLY_ACTIVE_ARCH = YES;
				SDKROOT = iphoneos;
				SWIFT_ACTIVE_COMPILATION_CONDITIONS = DEBUG;
				SWIFT_OPTIMIZATION_LEVEL = "-Onone";
			};
			name = Debug;
		};
		8411A2A7270619560068A1C4 /* Release */ = {
			isa = XCBuildConfiguration;
			buildSettings = {
				ALWAYS_SEARCH_USER_PATHS = NO;
				CLANG_ANALYZER_NONNULL = YES;
				CLANG_ANALYZER_NUMBER_OBJECT_CONVERSION = YES_AGGRESSIVE;
				CLANG_CXX_LANGUAGE_STANDARD = "gnu++14";
				CLANG_CXX_LIBRARY = "libc++";
				CLANG_ENABLE_MODULES = YES;
				CLANG_ENABLE_OBJC_ARC = YES;
				CLANG_ENABLE_OBJC_WEAK = YES;
				CLANG_WARN_BLOCK_CAPTURE_AUTORELEASING = YES;
				CLANG_WARN_BOOL_CONVERSION = YES;
				CLANG_WARN_COMMA = YES;
				CLANG_WARN_CONSTANT_CONVERSION = YES;
				CLANG_WARN_DEPRECATED_OBJC_IMPLEMENTATIONS = YES;
				CLANG_WARN_DIRECT_OBJC_ISA_USAGE = YES_ERROR;
				CLANG_WARN_DOCUMENTATION_COMMENTS = YES;
				CLANG_WARN_EMPTY_BODY = YES;
				CLANG_WARN_ENUM_CONVERSION = YES;
				CLANG_WARN_INFINITE_RECURSION = YES;
				CLANG_WARN_INT_CONVERSION = YES;
				CLANG_WARN_NON_LITERAL_NULL_CONVERSION = YES;
				CLANG_WARN_OBJC_IMPLICIT_RETAIN_SELF = YES;
				CLANG_WARN_OBJC_LITERAL_CONVERSION = YES;
				CLANG_WARN_OBJC_ROOT_CLASS = YES_ERROR;
				CLANG_WARN_QUOTED_INCLUDE_IN_FRAMEWORK_HEADER = YES;
				CLANG_WARN_RANGE_LOOP_ANALYSIS = YES;
				CLANG_WARN_STRICT_PROTOTYPES = YES;
				CLANG_WARN_SUSPICIOUS_MOVE = YES;
				CLANG_WARN_UNGUARDED_AVAILABILITY = YES_AGGRESSIVE;
				CLANG_WARN_UNREACHABLE_CODE = YES;
				CLANG_WARN__DUPLICATE_METHOD_MATCH = YES;
				COPY_PHASE_STRIP = NO;
				DEBUG_INFORMATION_FORMAT = "dwarf-with-dsym";
				ENABLE_NS_ASSERTIONS = NO;
				ENABLE_STRICT_OBJC_MSGSEND = YES;
				GCC_C_LANGUAGE_STANDARD = gnu11;
				GCC_NO_COMMON_BLOCKS = YES;
				GCC_WARN_64_TO_32_BIT_CONVERSION = YES;
				GCC_WARN_ABOUT_RETURN_TYPE = YES_ERROR;
				GCC_WARN_UNDECLARED_SELECTOR = YES;
				GCC_WARN_UNINITIALIZED_AUTOS = YES_AGGRESSIVE;
				GCC_WARN_UNUSED_FUNCTION = YES;
				GCC_WARN_UNUSED_VARIABLE = YES;
				IPHONEOS_DEPLOYMENT_TARGET = 14.0;
				MTL_ENABLE_DEBUG_INFO = NO;
				MTL_FAST_MATH = YES;
				SDKROOT = iphoneos;
				SWIFT_COMPILATION_MODE = wholemodule;
				SWIFT_OPTIMIZATION_LEVEL = "-O";
				VALIDATE_PRODUCT = YES;
			};
			name = Release;
		};
		8411A2A9270619560068A1C4 /* Debug */ = {
			isa = XCBuildConfiguration;
			buildSettings = {
				ASSETCATALOG_COMPILER_APPICON_NAME = AppIcon;
				ASSETCATALOG_COMPILER_GLOBAL_ACCENT_COLOR_NAME = AccentColor;
				CODE_SIGN_STYLE = Automatic;
				DEVELOPMENT_TEAM = 99U8W5YTFV;
				INFOPLIST_FILE = "Combine App/Info.plist";
				IPHONEOS_DEPLOYMENT_TARGET = 13.4;
				LD_RUNPATH_SEARCH_PATHS = (
					"$(inherited)",
					"@executable_path/Frameworks",
				);
				PRODUCT_BUNDLE_IDENTIFIER = "-.Combine-App";
				PRODUCT_NAME = "$(TARGET_NAME)";
				SWIFT_VERSION = 5.0;
				TARGETED_DEVICE_FAMILY = "1,2";
			};
			name = Debug;
		};
		8411A2AA270619560068A1C4 /* Release */ = {
			isa = XCBuildConfiguration;
			buildSettings = {
				ASSETCATALOG_COMPILER_APPICON_NAME = AppIcon;
				ASSETCATALOG_COMPILER_GLOBAL_ACCENT_COLOR_NAME = AccentColor;
				CODE_SIGN_STYLE = Automatic;
				DEVELOPMENT_TEAM = 99U8W5YTFV;
				INFOPLIST_FILE = "Combine App/Info.plist";
				IPHONEOS_DEPLOYMENT_TARGET = 13.4;
				LD_RUNPATH_SEARCH_PATHS = (
					"$(inherited)",
					"@executable_path/Frameworks",
				);
				PRODUCT_BUNDLE_IDENTIFIER = "-.Combine-App";
				PRODUCT_NAME = "$(TARGET_NAME)";
				SWIFT_VERSION = 5.0;
				TARGETED_DEVICE_FAMILY = "1,2";
			};
			name = Release;
		};
/* End XCBuildConfiguration section */

/* Begin XCConfigurationList section */
		8411A28F270619520068A1C4 /* Build configuration list for PBXProject "Combine App" */ = {
			isa = XCConfigurationList;
			buildConfigurations = (
				8411A2A6270619560068A1C4 /* Debug */,
				8411A2A7270619560068A1C4 /* Release */,
			);
			defaultConfigurationIsVisible = 0;
			defaultConfigurationName = Release;
		};
		8411A2A8270619560068A1C4 /* Build configuration list for PBXNativeTarget "Combine App" */ = {
			isa = XCConfigurationList;
			buildConfigurations = (
				8411A2A9270619560068A1C4 /* Debug */,
				8411A2AA270619560068A1C4 /* Release */,
			);
			defaultConfigurationIsVisible = 0;
			defaultConfigurationName = Release;
		};
/* End XCConfigurationList section */
	};
	rootObject = 8411A28C270619520068A1C4 /* Project object */;
}
